{
  "name": "uni-dsproject",
  "version": "1.0.0",
  "lockfileVersion": 1,
  "requires": true,
  "dependencies": {
    "weixin-js-sdk": {
      "version": "1.4.0-test",
      "resolved": "https://registry.npm.taobao.org/weixin-js-sdk/download/weixin-js-sdk-1.4.0-test.tgz",
      "integrity": "sha1-YSu6/Ml62E9a/m3IRwFTTMWfw8o="
    }
  }
}
