{
  "name": "uni-dsproject",
  "version": "1.0.0",
  "lockfileVersion": 1,
  "requires": true,
  "dependencies": {
    "gsap": {
      "version": "3.0.1",
      "resolved": "https://registry.npmjs.org/gsap/-/gsap-3.0.1.tgz",
      "integrity": "sha512-9nzEBF7Ss9Ogyw6oEOXZxxVYH8WNRA/nHmIp3DrPOTKmlLxX9MN2ovSoH9TApA+rucBgp9veCedujp5oSQRvZw=="
    },
    "weixin-js-sdk": {
      "version": "1.4.0-test",
      "resolved": "https://registry.npm.taobao.org/weixin-js-sdk/download/weixin-js-sdk-1.4.0-test.tgz",
      "integrity": "sha1-YSu6/Ml62E9a/m3IRwFTTMWfw8o="
    }
  }
}
